
Microsoft Visual Studio Solution File, Format Version 12.00
Project("{FAE04EC0-301F-11D3-BF4B-00C04F79EFBC}") = "bionic", "Bionic\bionic.csproj", "{030D43E5-89C6-463D-80EC-9811366D8292}"
EndProject
Project("{FAE04EC0-301F-11D3-BF4B-00C04F79EFBC}") = "BionicPlugin", "BionicPlugin\BionicPlugin.csproj", "{E07A0460-BE2D-418E-A3D2-1AD54D44081D}"
EndProject
Project("{FAE04EC0-301F-11D3-BF4B-00C04F79EFBC}") = "BionicTemplates", "BionicTemplates\BionicTemplates.csproj", "{BF9A7D68-5ABF-4547-B5D2-0C4558BDCF38}"
EndProject
Global
	GlobalSection(SolutionConfigurationPlatforms) = preSolution
		Debug|Any CPU = Debug|Any CPU
		Release|Any CPU = Release|Any CPU
	EndGlobalSection
	GlobalSection(ProjectConfigurationPlatforms) = postSolution
		{030D43E5-89C6-463D-80EC-9811366D8292}.Debug|Any CPU.ActiveCfg = Debug|Any CPU
		{030D43E5-89C6-463D-80EC-9811366D8292}.Debug|Any CPU.Build.0 = Debug|Any CPU
		{030D43E5-89C6-463D-80EC-9811366D8292}.Release|Any CPU.ActiveCfg = Release|Any CPU
		{030D43E5-89C6-463D-80EC-9811366D8292}.Release|Any CPU.Build.0 = Release|Any CPU
		{E07A0460-BE2D-418E-A3D2-1AD54D44081D}.Debug|Any CPU.ActiveCfg = Debug|Any CPU
		{E07A0460-BE2D-418E-A3D2-1AD54D44081D}.Debug|Any CPU.Build.0 = Debug|Any CPU
		{E07A0460-BE2D-418E-A3D2-1AD54D44081D}.Release|Any CPU.ActiveCfg = Release|Any CPU
		{E07A0460-BE2D-418E-A3D2-1AD54D44081D}.Release|Any CPU.Build.0 = Release|Any CPU
		{BF9A7D68-5ABF-4547-B5D2-0C4558BDCF38}.Debug|Any CPU.ActiveCfg = Debug|Any CPU
		{BF9A7D68-5ABF-4547-B5D2-0C4558BDCF38}.Debug|Any CPU.Build.0 = Debug|Any CPU
		{BF9A7D68-5ABF-4547-B5D2-0C4558BDCF38}.Release|Any CPU.ActiveCfg = Release|Any CPU
		{BF9A7D68-5ABF-4547-B5D2-0C4558BDCF38}.Release|Any CPU.Build.0 = Release|Any CPU
	EndGlobalSection
EndGlobal
